// !$*UTF8*$!
{
	archiveVersion = 1;
	classes = {
	};
	objectVersion = 56;
	objects = {

/* Begin PBXBuildFile section */
		E2C1E3722ACF904A00BDB581 /* TestW04App.swift in Sources */ = {isa = PBXBuildFile; fileRef = E2C1E3712ACF904A00BDB581 /* TestW04App.swift */; };
		E2C1E3742ACF904A00BDB581 /* ContentView.swift in Sources */ = {isa = PBXBuildFile; fileRef = E2C1E3732ACF904A00BDB581 /* ContentView.swift */; };
		E2C1E3762ACF904C00BDB581 /* Assets.xcassets in Resources */ = {isa = PBXBuildFile; fileRef = E2C1E3752ACF904C00BDB581 /* Assets.xcassets */; };
		E2C1E3792ACF904C00BDB581 /* Preview Assets.xcassets in Resources */ = {isa = PBXBuildFile; fileRef = E2C1E3782ACF904C00BDB581 /* Preview Assets.xcassets */; };
		E2C1E3832ACF904D00BDB581 /* TestW04Tests.swift in Sources */ = {isa = PBXBuildFile; fileRef = E2C1E3822ACF904D00BDB581 /* TestW04Tests.swift */; };
		E2C1E38D2ACF904D00BDB581 /* TestW04UITests.swift in Sources */ = {isa = PBXBuildFile; fileRef = E2C1E38C2ACF904D00BDB581 /* TestW04UITests.swift */; };
		E2C1E38F2ACF904D00BDB581 /* TestW04UITestsLaunchTests.swift in Sources */ = {isa = PBXBuildFile; fileRef = E2C1E38E2ACF904D00BDB581 /* TestW04UITestsLaunchTests.swift */; };
/* End PBXBuildFile section */

/* Begin PBXContainerItemProxy section */
		E2C1E37F2ACF904D00BDB581 /* PBXContainerItemProxy */ = {
			isa = PBXContainerItemProxy;
			containerPortal = E2C1E3662ACF904A00BDB581 /* Project object */;
			proxyType = 1;
			remoteGlobalIDString = E2C1E36D2ACF904A00BDB581;
			remoteInfo = TestW04;
		};
		E2C1E3892ACF904D00BDB581 /* PBXContainerItemProxy */ = {
			isa = PBXContainerItemProxy;
			containerPortal = E2C1E3662ACF904A00BDB581 /* Project object */;
			proxyType = 1;
			remoteGlobalIDString = E2C1E36D2ACF904A00BDB581;
			remoteInfo = TestW04;
		};
/* End PBXContainerItemProxy section */

/* Begin PBXFileReference section */
		E2C1E36E2ACF904A00BDB581 /* TestW04.app */ = {isa = PBXFileReference; explicitFileType = wrapper.application; includeInIndex = 0; path = TestW04.app; sourceTree = BUILT_PRODUCTS_DIR; };
		E2C1E3712ACF904A00BDB581 /* TestW04App.swift */ = {isa = PBXFileReference; lastKnownFileType = sourcecode.swift; path = TestW04App.swift; sourceTree = "<group>"; };
		E2C1E3732ACF904A00BDB581 /* ContentView.swift */ = {isa = PBXFileReference; lastKnownFileType = sourcecode.swift; path = ContentView.swift; sourceTree = "<group>"; };
		E2C1E3752ACF904C00BDB581 /* Assets.xcassets */ = {isa = PBXFileReference; lastKnownFileType = folder.assetcatalog; path = Assets.xcassets; sourceTree = "<group>"; };
		E2C1E3782ACF904C00BDB581 /* Preview Assets.xcassets */ = {isa = PBXFileReference; lastKnownFileType = folder.assetcatalog; path = "Preview Assets.xcassets"; sourceTree = "<group>"; };
		E2C1E37E2ACF904D00BDB581 /* TestW04Tests.xctest */ = {isa = PBXFileReference; explicitFileType = wrapper.cfbundle; includeInIndex = 0; path = TestW04Tests.xctest; sourceTree = BUILT_PRODUCTS_DIR; };
		E2C1E3822ACF904D00BDB581 /* TestW04Tests.swift */ = {isa = PBXFileReference; lastKnownFileType = sourcecode.swift; path = TestW04Tests.swift; sourceTree = "<group>"; };
		E2C1E3882ACF904D00BDB581 /* TestW04UITests.xctest */ = {isa = PBXFileReference; explicitFileType = wrapper.cfbundle; includeInIndex = 0; path = TestW04UITests.xctest; sourceTree = BUILT_PRODUCTS_DIR; };
		E2C1E38C2ACF904D00BDB581 /* TestW04UITests.swift */ = {isa = PBXFileReference; lastKnownFileType = sourcecode.swift; path = TestW04UITests.swift; sourceTree = "<group>"; };
		E2C1E38E2ACF904D00BDB581 /* TestW04UITestsLaunchTests.swift */ = {isa = PBXFileReference; lastKnownFileType = sourcecode.swift; path = TestW04UITestsLaunchTests.swift; sourceTree = "<group>"; };
/* End PBXFileReference section */

/* Begin PBXFrameworksBuildPhase section */
		E2C1E36B2ACF904A00BDB581 /* Frameworks */ = {
			isa = PBXFrameworksBuildPhase;
			buildActionMask = 2147483647;
			files = (
			);
			runOnlyForDeploymentPostprocessing = 0;
		};
		E2C1E37B2ACF904D00BDB581 /* Frameworks */ = {
			isa = PBXFrameworksBuildPhase;
			buildActionMask = 2147483647;
			files = (
			);
			runOnlyForDeploymentPostprocessing = 0;
		};
		E2C1E3852ACF904D00BDB581 /* Frameworks */ = {
			isa = PBXFrameworksBuildPhase;
			buildActionMask = 2147483647;
			files = (
			);
			runOnlyForDeploymentPostprocessing = 0;
		};
/* End PBXFrameworksBuildPhase section */

/* Begin PBXGroup section */
		E2C1E3652ACF904A00BDB581 = {
			isa = PBXGroup;
			children = (
				E2C1E3702ACF904A00BDB581 /* TestW04 */,
				E2C1E3812ACF904D00BDB581 /* TestW04Tests */,
				E2C1E38B2ACF904D00BDB581 /* TestW04UITests */,
				E2C1E36F2ACF904A00BDB581 /* Products */,
			);
			sourceTree = "<group>";
		};
		E2C1E36F2ACF904A00BDB581 /* Products */ = {
			isa = PBXGroup;
			children = (
				E2C1E36E2ACF904A00BDB581 /* TestW04.app */,
				E2C1E37E2ACF904D00BDB581 /* TestW04Tests.xctest */,
				E2C1E3882ACF904D00BDB581 /* TestW04UITests.xctest */,
			);
			name = Products;
			sourceTree = "<group>";
		};
		E2C1E3702ACF904A00BDB581 /* TestW04 */ = {
			isa = PBXGroup;
			children = (
				E2C1E3712ACF904A00BDB581 /* TestW04App.swift */,
				E2C1E3732ACF904A00BDB581 /* ContentView.swift */,
				E2C1E3752ACF904C00BDB581 /* Assets.xcassets */,
				E2C1E3772ACF904C00BDB581 /* Preview Content */,
			);
			path = TestW04;
			sourceTree = "<group>";
		};
		E2C1E3772ACF904C00BDB581 /* Preview Content */ = {
			isa = PBXGroup;
			children = (
				E2C1E3782ACF904C00BDB581 /* Preview Assets.xcassets */,
			);
			path = "Preview Content";
			sourceTree = "<group>";
		};
		E2C1E3812ACF904D00BDB581 /* TestW04Tests */ = {
			isa = PBXGroup;
			children = (
				E2C1E3822ACF904D00BDB581 /* TestW04Tests.swift */,
			);
			path = TestW04Tests;
			sourceTree = "<group>";
		};
		E2C1E38B2ACF904D00BDB581 /* TestW04UITests */ = {
			isa = PBXGroup;
			children = (
				E2C1E38C2ACF904D00BDB581 /* TestW04UITests.swift */,
				E2C1E38E2ACF904D00BDB581 /* TestW04UITestsLaunchTests.swift */,
			);
			path = TestW04UITests;
			sourceTree = "<group>";
		};
/* End PBXGroup section */

/* Begin PBXNativeTarget section */
		E2C1E36D2ACF904A00BDB581 /* TestW04 */ = {
			isa = PBXNativeTarget;
			buildConfigurationList = E2C1E3922ACF904D00BDB581 /* Build configuration list for PBXNativeTarget "TestW04" */;
			buildPhases = (
				E2C1E36A2ACF904A00BDB581 /* Sources */,
				E2C1E36B2ACF904A00BDB581 /* Frameworks */,
				E2C1E36C2ACF904A00BDB581 /* Resources */,
			);
			buildRules = (
			);
			dependencies = (
			);
			name = TestW04;
			productName = TestW04;
			productReference = E2C1E36E2ACF904A00BDB581 /* TestW04.app */;
			productType = "com.apple.product-type.application";
		};
		E2C1E37D2ACF904D00BDB581 /* TestW04Tests */ = {
			isa = PBXNativeTarget;
			buildConfigurationList = E2C1E3952ACF904D00BDB581 /* Build configuration list for PBXNativeTarget "TestW04Tests" */;
			buildPhases = (
				E2C1E37A2ACF904D00BDB581 /* Sources */,
				E2C1E37B2ACF904D00BDB581 /* Frameworks */,
				E2C1E37C2ACF904D00BDB581 /* Resources */,
			);
			buildRules = (
			);
			dependencies = (
				E2C1E3802ACF904D00BDB581 /* PBXTargetDependency */,
			);
			name = TestW04Tests;
			productName = TestW04Tests;
			productReference = E2C1E37E2ACF904D00BDB581 /* TestW04Tests.xctest */;
			productType = "com.apple.product-type.bundle.unit-test";
		};
		E2C1E3872ACF904D00BDB581 /* TestW04UITests */ = {
			isa = PBXNativeTarget;
			buildConfigurationList = E2C1E3982ACF904D00BDB581 /* Build configuration list for PBXNativeTarget "TestW04UITests" */;
			buildPhases = (
				E2C1E3842ACF904D00BDB581 /* Sources */,
				E2C1E3852ACF904D00BDB581 /* Frameworks */,
				E2C1E3862ACF904D00BDB581 /* Resources */,
			);
			buildRules = (
			);
			dependencies = (
				E2C1E38A2ACF904D00BDB581 /* PBXTargetDependency */,
			);
			name = TestW04UITests;
			productName = TestW04UITests;
			productReference = E2C1E3882ACF904D00BDB581 /* TestW04UITests.xctest */;
			productType = "com.apple.product-type.bundle.ui-testing";
		};
/* End PBXNativeTarget section */

/* Begin PBXProject section */
		E2C1E3662ACF904A00BDB581 /* Project object */ = {
			isa = PBXProject;
			attributes = {
				BuildIndependentTargetsInParallel = 1;
				LastSwiftUpdateCheck = 1500;
				LastUpgradeCheck = 1500;
				TargetAttributes = {
					E2C1E36D2ACF904A00BDB581 = {
						CreatedOnToolsVersion = 15.0;
					};
					E2C1E37D2ACF904D00BDB581 = {
						CreatedOnToolsVersion = 15.0;
						TestTargetID = E2C1E36D2ACF904A00BDB581;
					};
					E2C1E3872ACF904D00BDB581 = {
						CreatedOnToolsVersion = 15.0;
						TestTargetID = E2C1E36D2ACF904A00BDB581;
					};
				};
			};
			buildConfigurationList = E2C1E3692ACF904A00BDB581 /* Build configuration list for PBXProject "TestW04" */;
			compatibilityVersion = "Xcode 14.0";
			developmentRegion = en;
			hasScannedForEncodings = 0;
			knownRegions = (
				en,
				Base,
			);
			mainGroup = E2C1E3652ACF904A00BDB581;
			productRefGroup = E2C1E36F2ACF904A00BDB581 /* Products */;
			projectDirPath = "";
			projectRoot = "";
			targets = (
				E2C1E36D2ACF904A00BDB581 /* TestW04 */,
				E2C1E37D2ACF904D00BDB581 /* TestW04Tests */,
				E2C1E3872ACF904D00BDB581 /* TestW04UITests */,
			);
		};
/* End PBXProject section */

/* Begin PBXResourcesBuildPhase section */
		E2C1E36C2ACF904A00BDB581 /* Resources */ = {
			isa = PBXResourcesBuildPhase;
			buildActionMask = 2147483647;
			files = (
				E2C1E3792ACF904C00BDB581 /* Preview Assets.xcassets in Resources */,
				E2C1E3762ACF904C00BDB581 /* Assets.xcassets in Resources */,
			);
			runOnlyForDeploymentPostprocessing = 0;
		};
		E2C1E37C2ACF904D00BDB581 /* Resources */ = {
			isa = PBXResourcesBuildPhase;
			buildActionMask = 2147483647;
			files = (
			);
			runOnlyForDeploymentPostprocessing = 0;
		};
		E2C1E3862ACF904D00BDB581 /* Resources */ = {
			isa = PBXResourcesBuildPhase;
			buildActionMask = 2147483647;
			files = (
			);
			runOnlyForDeploymentPostprocessing = 0;
		};
/* End PBXResourcesBuildPhase section */

/* Begin PBXSourcesBuildPhase section */
		E2C1E36A2ACF904A00BDB581 /* Sources */ = {
			isa = PBXSourcesBuildPhase;
			buildActionMask = 2147483647;
			files = (
				E2C1E3742ACF904A00BDB581 /* ContentView.swift in Sources */,
				E2C1E3722ACF904A00BDB581 /* TestW04App.swift in Sources */,
			);
			runOnlyForDeploymentPostprocessing = 0;
		};
		E2C1E37A2ACF904D00BDB581 /* Sources */ = {
			isa = PBXSourcesBuildPhase;
			buildActionMask = 2147483647;
			files = (
				E2C1E3832ACF904D00BDB581 /* TestW04Tests.swift in Sources */,
			);
			runOnlyForDeploymentPostprocessing = 0;
		};
		E2C1E3842ACF904D00BDB581 /* Sources */ = {
			isa = PBXSourcesBuildPhase;
			buildActionMask = 2147483647;
			files = (
				E2C1E38F2ACF904D00BDB581 /* TestW04UITestsLaunchTests.swift in Sources */,
				E2C1E38D2ACF904D00BDB581 /* TestW04UITests.swift in Sources */,
			);
			runOnlyForDeploymentPostprocessing = 0;
		};
/* End PBXSourcesBuildPhase section */

/* Begin PBXTargetDependency section */
		E2C1E3802ACF904D00BDB581 /* PBXTargetDependency */ = {
			isa = PBXTargetDependency;
			target = E2C1E36D2ACF904A00BDB581 /* TestW04 */;
			targetProxy = E2C1E37F2ACF904D00BDB581 /* PBXContainerItemProxy */;
		};
		E2C1E38A2ACF904D00BDB581 /* PBXTargetDependency */ = {
			isa = PBXTargetDependency;
			target = E2C1E36D2ACF904A00BDB581 /* TestW04 */;
			targetProxy = E2C1E3892ACF904D00BDB581 /* PBXContainerItemProxy */;
		};
/* End PBXTargetDependency section */

/* Begin XCBuildConfiguration section */
		E2C1E3902ACF904D00BDB581 /* Debug */ = {
			isa = XCBuildConfiguration;
			buildSettings = {
				ALWAYS_SEARCH_USER_PATHS = NO;
				ASSETCATALOG_COMPILER_GENERATE_SWIFT_ASSET_SYMBOL_EXTENSIONS = YES;
				CLANG_ANALYZER_NONNULL = YES;
				CLANG_ANALYZER_NUMBER_OBJECT_CONVERSION = YES_AGGRESSIVE;
				CLANG_CXX_LANGUAGE_STANDARD = "gnu++20";
				CLANG_ENABLE_MODULES = YES;
				CLANG_ENABLE_OBJC_ARC = YES;
				CLANG_ENABLE_OBJC_WEAK = YES;
				CLANG_WARN_BLOCK_CAPTURE_AUTORELEASING = YES;
				CLANG_WARN_BOOL_CONVERSION = YES;
				CLANG_WARN_COMMA = YES;
				CLANG_WARN_CONSTANT_CONVERSION = YES;
				CLANG_WARN_DEPRECATED_OBJC_IMPLEMENTATIONS = YES;
				CLANG_WARN_DIRECT_OBJC_ISA_USAGE = YES_ERROR;
				CLANG_WARN_DOCUMENTATION_COMMENTS = YES;
				CLANG_WARN_EMPTY_BODY = YES;
				CLANG_WARN_ENUM_CONVERSION = YES;
				CLANG_WARN_INFINITE_RECURSION = YES;
				CLANG_WARN_INT_CONVERSION = YES;
				CLANG_WARN_NON_LITERAL_NULL_CONVERSION = YES;
				CLANG_WARN_OBJC_IMPLICIT_RETAIN_SELF = YES;
				CLANG_WARN_OBJC_LITERAL_CONVERSION = YES;
				CLANG_WARN_OBJC_ROOT_CLASS = YES_ERROR;
				CLANG_WARN_QUOTED_INCLUDE_IN_FRAMEWORK_HEADER = YES;
				CLANG_WARN_RANGE_LOOP_ANALYSIS = YES;
				CLANG_WARN_STRICT_PROTOTYPES = YES;
				CLANG_WARN_SUSPICIOUS_MOVE = YES;
				CLANG_WARN_UNGUARDED_AVAILABILITY = YES_AGGRESSIVE;
				CLANG_WARN_UNREACHABLE_CODE = YES;
				CLANG_WARN__DUPLICATE_METHOD_MATCH = YES;
				COPY_PHASE_STRIP = NO;
				DEBUG_INFORMATION_FORMAT = dwarf;
				ENABLE_STRICT_OBJC_MSGSEND = YES;
				ENABLE_TESTABILITY = YES;
				ENABLE_USER_SCRIPT_SANDBOXING = YES;
				GCC_C_LANGUAGE_STANDARD = gnu17;
				GCC_DYNAMIC_NO_PIC = NO;
				GCC_NO_COMMON_BLOCKS = YES;
				GCC_OPTIMIZATION_LEVEL = 0;
				GCC_PREPROCESSOR_DEFINITIONS = (
					"DEBUG=1",
					"$(inherited)",
				);
				GCC_WARN_64_TO_32_BIT_CONVERSION = YES;
				GCC_WARN_ABOUT_RETURN_TYPE = YES_ERROR;
				GCC_WARN_UNDECLARED_SELECTOR = YES;
				GCC_WARN_UNINITIALIZED_AUTOS = YES_AGGRESSIVE;
				GCC_WARN_UNUSED_FUNCTION = YES;
				GCC_WARN_UNUSED_VARIABLE = YES;
				IPHONEOS_DEPLOYMENT_TARGET = 17.0;
				LOCALIZATION_PREFERS_STRING_CATALOGS = YES;
				MTL_ENABLE_DEBUG_INFO = INCLUDE_SOURCE;
				MTL_FAST_MATH = YES;
				ONLY_ACTIVE_ARCH = YES;
				SDKROOT = iphoneos;
				SWIFT_ACTIVE_COMPILATION_CONDITIONS = "DEBUG $(inherited)";
				SWIFT_OPTIMIZATION_LEVEL = "-Onone";
			};
			name = Debug;
		};
		E2C1E3912ACF904D00BDB581 /* Release */ = {
			isa = XCBuildConfiguration;
			buildSettings = {
				ALWAYS_SEARCH_USER_PATHS = NO;
				ASSETCATALOG_COMPILER_GENERATE_SWIFT_ASSET_SYMBOL_EXTENSIONS = YES;
				CLANG_ANALYZER_NONNULL = YES;
				CLANG_ANALYZER_NUMBER_OBJECT_CONVERSION = YES_AGGRESSIVE;
				CLANG_CXX_LANGUAGE_STANDARD = "gnu++20";
				CLANG_ENABLE_MODULES = YES;
				CLANG_ENABLE_OBJC_ARC = YES;
				CLANG_ENABLE_OBJC_WEAK = YES;
				CLANG_WARN_BLOCK_CAPTURE_AUTORELEASING = YES;
				CLANG_WARN_BOOL_CONVERSION = YES;
				CLANG_WARN_COMMA = YES;
				CLANG_WARN_CONSTANT_CONVERSION = YES;
				CLANG_WARN_DEPRECATED_OBJC_IMPLEMENTATIONS = YES;
				CLANG_WARN_DIRECT_OBJC_ISA_USAGE = YES_ERROR;
				CLANG_WARN_DOCUMENTATION_COMMENTS = YES;
				CLANG_WARN_EMPTY_BODY = YES;
				CLANG_WARN_ENUM_CONVERSION = YES;
				CLANG_WARN_INFINITE_RECURSION = YES;
				CLANG_WARN_INT_CONVERSION = YES;
				CLANG_WARN_NON_LITERAL_NULL_CONVERSION = YES;
				CLANG_WARN_OBJC_IMPLICIT_RETAIN_SELF = YES;
				CLANG_WARN_OBJC_LITERAL_CONVERSION = YES;
				CLANG_WARN_OBJC_ROOT_CLASS = YES_ERROR;
				CLANG_WARN_QUOTED_INCLUDE_IN_FRAMEWORK_HEADER = YES;
				CLANG_WARN_RANGE_LOOP_ANALYSIS = YES;
				CLANG_WARN_STRICT_PROTOTYPES = YES;
				CLANG_WARN_SUSPICIOUS_MOVE = YES;
				CLANG_WARN_UNGUARDED_AVAILABILITY = YES_AGGRESSIVE;
				CLANG_WARN_UNREACHABLE_CODE = YES;
				CLANG_WARN__DUPLICATE_METHOD_MATCH = YES;
				COPY_PHASE_STRIP = NO;
				DEBUG_INFORMATION_FORMAT = "dwarf-with-dsym";
				ENABLE_NS_ASSERTIONS = NO;
				ENABLE_STRICT_OBJC_MSGSEND = YES;
				ENABLE_USER_SCRIPT_SANDBOXING = YES;
				GCC_C_LANGUAGE_STANDARD = gnu17;
				GCC_NO_COMMON_BLOCKS = YES;
				GCC_WARN_64_TO_32_BIT_CONVERSION = YES;
				GCC_WARN_ABOUT_RETURN_TYPE = YES_ERROR;
				GCC_WARN_UNDECLARED_SELECTOR = YES;
				GCC_WARN_UNINITIALIZED_AUTOS = YES_AGGRESSIVE;
				GCC_WARN_UNUSED_FUNCTION = YES;
				GCC_WARN_UNUSED_VARIABLE = YES;
				IPHONEOS_DEPLOYMENT_TARGET = 17.0;
				LOCALIZATION_PREFERS_STRING_CATALOGS = YES;
				MTL_ENABLE_DEBUG_INFO = NO;
				MTL_FAST_MATH = YES;
				SDKROOT = iphoneos;
				SWIFT_COMPILATION_MODE = wholemodule;
				VALIDATE_PRODUCT = YES;
			};
			name = Release;
		};
		E2C1E3932ACF904D00BDB581 /* Debug */ = {
			isa = XCBuildConfiguration;
			buildSettings = {
				ASSETCATALOG_COMPILER_APPICON_NAME = AppIcon;
				ASSETCATALOG_COMPILER_GLOBAL_ACCENT_COLOR_NAME = AccentColor;
				CODE_SIGN_STYLE = Automatic;
				CURRENT_PROJECT_VERSION = 1;
				DEVELOPMENT_ASSET_PATHS = "\"TestW04/Preview Content\"";
				ENABLE_PREVIEWS = YES;
				GENERATE_INFOPLIST_FILE = YES;
				INFOPLIST_KEY_UIApplicationSceneManifest_Generation = YES;
				INFOPLIST_KEY_UIApplicationSupportsIndirectInputEvents = YES;
				INFOPLIST_KEY_UILaunchScreen_Generation = YES;
				INFOPLIST_KEY_UISupportedInterfaceOrientations_iPad = "UIInterfaceOrientationPortrait UIInterfaceOrientationPortraitUpsideDown UIInterfaceOrientationLandscapeLeft UIInterfaceOrientationLandscapeRight";
				INFOPLIST_KEY_UISupportedInterfaceOrientations_iPhone = "UIInterfaceOrientationPortrait UIInterfaceOrientationLandscapeLeft UIInterfaceOrientationLandscapeRight";
				LD_RUNPATH_SEARCH_PATHS = (
					"$(inherited)",
					"@executable_path/Frameworks",
				);
				MARKETING_VERSION = 1.0;
				PRODUCT_BUNDLE_IDENTIFIER = Cete.TestW04;
				PRODUCT_NAME = "$(TARGET_NAME)";
				SWIFT_EMIT_LOC_STRINGS = YES;
				SWIFT_VERSION = 5.0;
				TARGETED_DEVICE_FAMILY = "1,2";
			};
			name = Debug;
		};
		E2C1E3942ACF904D00BDB581 /* Release */ = {
			isa = XCBuildConfiguration;
			buildSettings = {
				ASSETCATALOG_COMPILER_APPICON_NAME = AppIcon;
				ASSETCATALOG_COMPILER_GLOBAL_ACCENT_COLOR_NAME = AccentColor;
				CODE_SIGN_STYLE = Automatic;
				CURRENT_PROJECT_VERSION = 1;
				DEVELOPMENT_ASSET_PATHS = "\"TestW04/Preview Content\"";
				ENABLE_PREVIEWS = YES;
				GENERATE_INFOPLIST_FILE = YES;
				INFOPLIST_KEY_UIApplicationSceneManifest_Generation = YES;
				INFOPLIST_KEY_UIApplicationSupportsIndirectInputEvents = YES;
				INFOPLIST_KEY_UILaunchScreen_Generation = YES;
				INFOPLIST_KEY_UISupportedInterfaceOrientations_iPad = "UIInterfaceOrientationPortrait UIInterfaceOrientationPortraitUpsideDown UIInterfaceOrientationLandscapeLeft UIInterfaceOrientationLandscapeRight";
				INFOPLIST_KEY_UISupportedInterfaceOrientations_iPhone = "UIInterfaceOrientationPortrait UIInterfaceOrientationLandscapeLeft UIInterfaceOrientationLandscapeRight";
				LD_RUNPATH_SEARCH_PATHS = (
					"$(inherited)",
					"@executable_path/Frameworks",
				);
				MARKETING_VERSION = 1.0;
				PRODUCT_BUNDLE_IDENTIFIER = Cete.TestW04;
				PRODUCT_NAME = "$(TARGET_NAME)";
				SWIFT_EMIT_LOC_STRINGS = YES;
				SWIFT_VERSION = 5.0;
				TARGETED_DEVICE_FAMILY = "1,2";
			};
			name = Release;
		};
		E2C1E3962ACF904D00BDB581 /* Debug */ = {
			isa = XCBuildConfiguration;
			buildSettings = {
				ALWAYS_EMBED_SWIFT_STANDARD_LIBRARIES = YES;
				BUNDLE_LOADER = "$(TEST_HOST)";
				CODE_SIGN_STYLE = Automatic;
				CURRENT_PROJECT_VERSION = 1;
				GENERATE_INFOPLIST_FILE = YES;
				IPHONEOS_DEPLOYMENT_TARGET = 17.0;
				MARKETING_VERSION = 1.0;
				PRODUCT_BUNDLE_IDENTIFIER = Cete.TestW04Tests;
				PRODUCT_NAME = "$(TARGET_NAME)";
				SWIFT_EMIT_LOC_STRINGS = NO;
				SWIFT_VERSION = 5.0;
				TARGETED_DEVICE_FAMILY = "1,2";
				TEST_HOST = "$(BUILT_PRODUCTS_DIR)/TestW04.app/$(BUNDLE_EXECUTABLE_FOLDER_PATH)/TestW04";
			};
			name = Debug;
		};
		E2C1E3972ACF904D00BDB581 /* Release */ = {
			isa = XCBuildConfiguration;
			buildSettings = {
				ALWAYS_EMBED_SWIFT_STANDARD_LIBRARIES = YES;
				BUNDLE_LOADER = "$(TEST_HOST)";
				CODE_SIGN_STYLE = Automatic;
				CURRENT_PROJECT_VERSION = 1;
				GENERATE_INFOPLIST_FILE = YES;
				IPHONEOS_DEPLOYMENT_TARGET = 17.0;
				MARKETING_VERSION = 1.0;
				PRODUCT_BUNDLE_IDENTIFIER = Cete.TestW04Tests;
				PRODUCT_NAME = "$(TARGET_NAME)";
				SWIFT_EMIT_LOC_STRINGS = NO;
				SWIFT_VERSION = 5.0;
				TARGETED_DEVICE_FAMILY = "1,2";
				TEST_HOST = "$(BUILT_PRODUCTS_DIR)/TestW04.app/$(BUNDLE_EXECUTABLE_FOLDER_PATH)/TestW04";
			};
			name = Release;
		};
		E2C1E3992ACF904D00BDB581 /* Debug */ = {
			isa = XCBuildConfiguration;
			buildSettings = {
				ALWAYS_EMBED_SWIFT_STANDARD_LIBRARIES = YES;
				CODE_SIGN_STYLE = Automatic;
				CURRENT_PROJECT_VERSION = 1;
				GENERATE_INFOPLIST_FILE = YES;
				MARKETING_VERSION = 1.0;
				PRODUCT_BUNDLE_IDENTIFIER = Cete.TestW04UITests;
				PRODUCT_NAME = "$(TARGET_NAME)";
				SWIFT_EMIT_LOC_STRINGS = NO;
				SWIFT_VERSION = 5.0;
				TARGETED_DEVICE_FAMILY = "1,2";
				TEST_TARGET_NAME = TestW04;
			};
			name = Debug;
		};
		E2C1E39A2ACF904D00BDB581 /* Release */ = {
			isa = XCBuildConfiguration;
			buildSettings = {
				ALWAYS_EMBED_SWIFT_STANDARD_LIBRARIES = YES;
				CODE_SIGN_STYLE = Automatic;
				CURRENT_PROJECT_VERSION = 1;
				GENERATE_INFOPLIST_FILE = YES;
				MARKETING_VERSION = 1.0;
				PRODUCT_BUNDLE_IDENTIFIER = Cete.TestW04UITests;
				PRODUCT_NAME = "$(TARGET_NAME)";
				SWIFT_EMIT_LOC_STRINGS = NO;
				SWIFT_VERSION = 5.0;
				TARGETED_DEVICE_FAMILY = "1,2";
				TEST_TARGET_NAME = TestW04;
			};
			name = Release;
		};
/* End XCBuildConfiguration section */

/* Begin XCConfigurationList section */
		E2C1E3692ACF904A00BDB581 /* Build configuration list for PBXProject "TestW04" */ = {
			isa = XCConfigurationList;
			buildConfigurations = (
				E2C1E3902ACF904D00BDB581 /* Debug */,
				E2C1E3912ACF904D00BDB581 /* Release */,
			);
			defaultConfigurationIsVisible = 0;
			defaultConfigurationName = Release;
		};
		E2C1E3922ACF904D00BDB581 /* Build configuration list for PBXNativeTarget "TestW04" */ = {
			isa = XCConfigurationList;
			buildConfigurations = (
				E2C1E3932ACF904D00BDB581 /* Debug */,
				E2C1E3942ACF904D00BDB581 /* Release */,
			);
			defaultConfigurationIsVisible = 0;
			defaultConfigurationName = Release;
		};
		E2C1E3952ACF904D00BDB581 /* Build configuration list for PBXNativeTarget "TestW04Tests" */ = {
			isa = XCConfigurationList;
			buildConfigurations = (
				E2C1E3962ACF904D00BDB581 /* Debug */,
				E2C1E3972ACF904D00BDB581 /* Release */,
			);
			defaultConfigurationIsVisible = 0;
			defaultConfigurationName = Release;
		};
		E2C1E3982ACF904D00BDB581 /* Build configuration list for PBXNativeTarget "TestW04UITests" */ = {
			isa = XCConfigurationList;
			buildConfigurations = (
				E2C1E3992ACF904D00BDB581 /* Debug */,
				E2C1E39A2ACF904D00BDB581 /* Release */,
			);
			defaultConfigurationIsVisible = 0;
			defaultConfigurationName = Release;
		};
/* End XCConfigurationList section */
	};
	rootObject = E2C1E3662ACF904A00BDB581 /* Project object */;
}
